
Microsoft Visual Studio Solution File, Format Version 12.00
# Visual Studio 2013
VisualStudioVersion = 12.0.21005.1
MinimumVisualStudioVersion = 10.0.40219.1
Project("{2150E333-8FDC-42A3-9474-1A3956D46DE8}") = "src", "src", "{36D8752C-AE42-4E0E-9972-BB237AEB4069}"
EndProject
Project("{2150E333-8FDC-42A3-9474-1A3956D46DE8}") = "test", "test", "{B272676E-7046-4A0B-9AE0-1E7D24E20668}"
EndProject
Project("{2150E333-8FDC-42A3-9474-1A3956D46DE8}") = "Kata", "Kata", "{EA6FC987-309F-4E60-8A29-319730B82622}"
EndProject
Project("{2150E333-8FDC-42A3-9474-1A3956D46DE8}") = "Kata", "Kata", "{F6EDC433-EBEF-4650-8AD2-A7A8D1078407}"
EndProject
Project("{FAE04EC0-301F-11D3-BF4B-00C04F79EFBC}") = "Challenge158", "src\Kata\Challenge158\Challenge158.csproj", "{90F8AB3F-8FC6-4C66-AA70-C8EBCA753993}"
EndProject
Project("{FAE04EC0-301F-11D3-BF4B-00C04F79EFBC}") = "Challenge158Tests", "test\Kata\Challenge158Tests\Challenge158Tests.csproj", "{7DB7E331-4847-44F6-A0B7-76FAB47ED684}"
EndProject
Project("{FAE04EC0-301F-11D3-BF4B-00C04F79EFBC}") = "RepositoryImplementation", "src\RepositoryImplementation\RepositoryImplementation.csproj", "{962A7C25-83CD-407B-9346-CC64B1DABEE9}"
EndProject
Project("{FAE04EC0-301F-11D3-BF4B-00C04F79EFBC}") = "SignalRExamples", "src\SignalRExamples\SignalRExamples.csproj", "{EDB9279F-D707-4C75-AE48-320F9196CC11}"
EndProject
Project("{FAE04EC0-301F-11D3-BF4B-00C04F79EFBC}") = "WPFPlayground", "src\WPFPlayground\WPFPlayground.csproj", "{45B8B3EE-9767-48FC-A332-5AF7CBCE1C5C}"
EndProject
Project("{FAE04EC0-301F-11D3-BF4B-00C04F79EFBC}") = "MvcPlayground", "src\MvcPlayground\MvcPlayground.csproj", "{088220BC-D629-4E1E-ADFF-F4933555C984}"
EndProject
Project("{2150E333-8FDC-42A3-9474-1A3956D46DE8}") = "ProgrammerLevelUp", "ProgrammerLevelUp", "{1B0F8BB5-B419-47BB-AA15-F0E1ADB638FC}"
EndProject
Project("{8BC9CEB8-8B4A-11D0-8D11-00A0C91BC942}") = "AssemblyProgramming", "src\ProgrammerLevelUp\AssemblyProgramming\AssemblyProgramming.vcxproj", "{00C3BC33-AFF3-477C-84FA-0136A902914E}"
EndProject
Project("{8BC9CEB8-8B4A-11D0-8D11-00A0C91BC942}") = "CPlusPlusPlayground", "src\Kata\CPlusPlusPlayground\CPlusPlusPlayground.vcxproj", "{BF8A2B26-ADF1-4565-983F-DE961F9B5942}"
EndProject
Project("{FAE04EC0-301F-11D3-BF4B-00C04F79EFBC}") = "Challenge180", "src\Kata\Challenge180\Challenge180.csproj", "{C994E55F-BBA6-41FE-9114-EC7730D3ED5E}"
EndProject
Project("{FAE04EC0-301F-11D3-BF4B-00C04F79EFBC}") = "Challenge180Tests", "test\Kata\Challenge180Tests\Challenge180Tests.csproj", "{5604C698-4E1C-4249-83E6-7EE333ECD6BF}"
EndProject
Project("{FAE04EC0-301F-11D3-BF4B-00C04F79EFBC}") = "PatternsPlayground", "src\PatternsPlayground\PatternsPlayground.csproj", "{A0B87531-3D05-4183-ACB3-44F2E3D4FFD2}"
EndProject
Project("{FAE04EC0-301F-11D3-BF4B-00C04F79EFBC}") = "JackDavisPlayground", "src\JackDavisPlayground\JackDavisPlayground.csproj", "{18BA699E-EF2E-4BED-8F18-511C857CFC40}"
EndProject
Project("{FAE04EC0-301F-11D3-BF4B-00C04F79EFBC}") = "CodinGamesPlayground", "src\CodinGamesPlayground\CodinGamesPlayground.csproj", "{A12B9854-CA62-47B6-B12B-FF6124A59593}"
EndProject
Project("{FAE04EC0-301F-11D3-BF4B-00C04F79EFBC}") = "CodinGamesTest", "test\CodinGamesTest\CodinGamesTest.csproj", "{3004C711-150C-4104-AC03-47B3B3E74A6C}"
EndProject
Global
	GlobalSection(SolutionConfigurationPlatforms) = preSolution
		Debug|Any CPU = Debug|Any CPU
		Debug|Mixed Platforms = Debug|Mixed Platforms
		Debug|Win32 = Debug|Win32
		Release|Any CPU = Release|Any CPU
		Release|Mixed Platforms = Release|Mixed Platforms
		Release|Win32 = Release|Win32
	EndGlobalSection
	GlobalSection(ProjectConfigurationPlatforms) = postSolution
		{90F8AB3F-8FC6-4C66-AA70-C8EBCA753993}.Debug|Any CPU.ActiveCfg = Debug|Any CPU
		{90F8AB3F-8FC6-4C66-AA70-C8EBCA753993}.Debug|Any CPU.Build.0 = Debug|Any CPU
		{90F8AB3F-8FC6-4C66-AA70-C8EBCA753993}.Debug|Mixed Platforms.ActiveCfg = Debug|Any CPU
		{90F8AB3F-8FC6-4C66-AA70-C8EBCA753993}.Debug|Win32.ActiveCfg = Debug|Any CPU
		{90F8AB3F-8FC6-4C66-AA70-C8EBCA753993}.Release|Any CPU.ActiveCfg = Release|Any CPU
		{90F8AB3F-8FC6-4C66-AA70-C8EBCA753993}.Release|Any CPU.Build.0 = Release|Any CPU
		{90F8AB3F-8FC6-4C66-AA70-C8EBCA753993}.Release|Mixed Platforms.ActiveCfg = Release|Any CPU
		{90F8AB3F-8FC6-4C66-AA70-C8EBCA753993}.Release|Win32.ActiveCfg = Release|Any CPU
		{7DB7E331-4847-44F6-A0B7-76FAB47ED684}.Debug|Any CPU.ActiveCfg = Debug|Any CPU
		{7DB7E331-4847-44F6-A0B7-76FAB47ED684}.Debug|Any CPU.Build.0 = Debug|Any CPU
		{7DB7E331-4847-44F6-A0B7-76FAB47ED684}.Debug|Mixed Platforms.ActiveCfg = Debug|Any CPU
		{7DB7E331-4847-44F6-A0B7-76FAB47ED684}.Debug|Win32.ActiveCfg = Debug|Any CPU
		{7DB7E331-4847-44F6-A0B7-76FAB47ED684}.Release|Any CPU.ActiveCfg = Release|Any CPU
		{7DB7E331-4847-44F6-A0B7-76FAB47ED684}.Release|Any CPU.Build.0 = Release|Any CPU
		{7DB7E331-4847-44F6-A0B7-76FAB47ED684}.Release|Mixed Platforms.ActiveCfg = Release|Any CPU
		{7DB7E331-4847-44F6-A0B7-76FAB47ED684}.Release|Win32.ActiveCfg = Release|Any CPU
		{962A7C25-83CD-407B-9346-CC64B1DABEE9}.Debug|Any CPU.ActiveCfg = Debug|Any CPU
		{962A7C25-83CD-407B-9346-CC64B1DABEE9}.Debug|Any CPU.Build.0 = Debug|Any CPU
		{962A7C25-83CD-407B-9346-CC64B1DABEE9}.Debug|Mixed Platforms.ActiveCfg = Debug|Any CPU
		{962A7C25-83CD-407B-9346-CC64B1DABEE9}.Debug|Win32.ActiveCfg = Debug|Any CPU
		{962A7C25-83CD-407B-9346-CC64B1DABEE9}.Release|Any CPU.ActiveCfg = Release|Any CPU
		{962A7C25-83CD-407B-9346-CC64B1DABEE9}.Release|Any CPU.Build.0 = Release|Any CPU
		{962A7C25-83CD-407B-9346-CC64B1DABEE9}.Release|Mixed Platforms.ActiveCfg = Release|Any CPU
		{962A7C25-83CD-407B-9346-CC64B1DABEE9}.Release|Win32.ActiveCfg = Release|Any CPU
		{EDB9279F-D707-4C75-AE48-320F9196CC11}.Debug|Any CPU.ActiveCfg = Debug|Any CPU
		{EDB9279F-D707-4C75-AE48-320F9196CC11}.Debug|Any CPU.Build.0 = Debug|Any CPU
		{EDB9279F-D707-4C75-AE48-320F9196CC11}.Debug|Mixed Platforms.ActiveCfg = Debug|Any CPU
		{EDB9279F-D707-4C75-AE48-320F9196CC11}.Debug|Win32.ActiveCfg = Debug|Any CPU
		{EDB9279F-D707-4C75-AE48-320F9196CC11}.Release|Any CPU.ActiveCfg = Release|Any CPU
		{EDB9279F-D707-4C75-AE48-320F9196CC11}.Release|Any CPU.Build.0 = Release|Any CPU
		{EDB9279F-D707-4C75-AE48-320F9196CC11}.Release|Mixed Platforms.ActiveCfg = Release|Any CPU
		{EDB9279F-D707-4C75-AE48-320F9196CC11}.Release|Win32.ActiveCfg = Release|Any CPU
		{45B8B3EE-9767-48FC-A332-5AF7CBCE1C5C}.Debug|Any CPU.ActiveCfg = Debug|Any CPU
		{45B8B3EE-9767-48FC-A332-5AF7CBCE1C5C}.Debug|Any CPU.Build.0 = Debug|Any CPU
		{45B8B3EE-9767-48FC-A332-5AF7CBCE1C5C}.Debug|Mixed Platforms.ActiveCfg = Debug|Any CPU
		{45B8B3EE-9767-48FC-A332-5AF7CBCE1C5C}.Debug|Win32.ActiveCfg = Debug|Any CPU
		{45B8B3EE-9767-48FC-A332-5AF7CBCE1C5C}.Release|Any CPU.ActiveCfg = Release|Any CPU
		{45B8B3EE-9767-48FC-A332-5AF7CBCE1C5C}.Release|Any CPU.Build.0 = Release|Any CPU
		{45B8B3EE-9767-48FC-A332-5AF7CBCE1C5C}.Release|Mixed Platforms.ActiveCfg = Release|Any CPU
		{45B8B3EE-9767-48FC-A332-5AF7CBCE1C5C}.Release|Win32.ActiveCfg = Release|Any CPU
		{088220BC-D629-4E1E-ADFF-F4933555C984}.Debug|Any CPU.ActiveCfg = Debug|Any CPU
		{088220BC-D629-4E1E-ADFF-F4933555C984}.Debug|Any CPU.Build.0 = Debug|Any CPU
		{088220BC-D629-4E1E-ADFF-F4933555C984}.Debug|Mixed Platforms.ActiveCfg = Debug|Any CPU
		{088220BC-D629-4E1E-ADFF-F4933555C984}.Debug|Win32.ActiveCfg = Debug|Any CPU
		{088220BC-D629-4E1E-ADFF-F4933555C984}.Release|Any CPU.ActiveCfg = Release|Any CPU
		{088220BC-D629-4E1E-ADFF-F4933555C984}.Release|Any CPU.Build.0 = Release|Any CPU
		{088220BC-D629-4E1E-ADFF-F4933555C984}.Release|Mixed Platforms.ActiveCfg = Release|Any CPU
		{088220BC-D629-4E1E-ADFF-F4933555C984}.Release|Win32.ActiveCfg = Release|Any CPU
		{00C3BC33-AFF3-477C-84FA-0136A902914E}.Debug|Any CPU.ActiveCfg = Debug|Win32
		{00C3BC33-AFF3-477C-84FA-0136A902914E}.Debug|Mixed Platforms.ActiveCfg = Debug|Win32
		{00C3BC33-AFF3-477C-84FA-0136A902914E}.Debug|Mixed Platforms.Build.0 = Debug|Win32
		{00C3BC33-AFF3-477C-84FA-0136A902914E}.Debug|Win32.ActiveCfg = Debug|Win32
		{00C3BC33-AFF3-477C-84FA-0136A902914E}.Debug|Win32.Build.0 = Debug|Win32
		{00C3BC33-AFF3-477C-84FA-0136A902914E}.Release|Any CPU.ActiveCfg = Release|Win32
		{00C3BC33-AFF3-477C-84FA-0136A902914E}.Release|Mixed Platforms.ActiveCfg = Release|Win32
		{00C3BC33-AFF3-477C-84FA-0136A902914E}.Release|Mixed Platforms.Build.0 = Release|Win32
		{00C3BC33-AFF3-477C-84FA-0136A902914E}.Release|Win32.ActiveCfg = Release|Win32
		{00C3BC33-AFF3-477C-84FA-0136A902914E}.Release|Win32.Build.0 = Release|Win32
		{BF8A2B26-ADF1-4565-983F-DE961F9B5942}.Debug|Any CPU.ActiveCfg = Debug|Win32
		{BF8A2B26-ADF1-4565-983F-DE961F9B5942}.Debug|Mixed Platforms.ActiveCfg = Debug|Win32
		{BF8A2B26-ADF1-4565-983F-DE961F9B5942}.Debug|Mixed Platforms.Build.0 = Debug|Win32
		{BF8A2B26-ADF1-4565-983F-DE961F9B5942}.Debug|Win32.ActiveCfg = Debug|Win32
		{BF8A2B26-ADF1-4565-983F-DE961F9B5942}.Debug|Win32.Build.0 = Debug|Win32
		{BF8A2B26-ADF1-4565-983F-DE961F9B5942}.Release|Any CPU.ActiveCfg = Release|Win32
		{BF8A2B26-ADF1-4565-983F-DE961F9B5942}.Release|Mixed Platforms.ActiveCfg = Release|Win32
		{BF8A2B26-ADF1-4565-983F-DE961F9B5942}.Release|Mixed Platforms.Build.0 = Release|Win32
		{BF8A2B26-ADF1-4565-983F-DE961F9B5942}.Release|Win32.ActiveCfg = Release|Win32
		{BF8A2B26-ADF1-4565-983F-DE961F9B5942}.Release|Win32.Build.0 = Release|Win32
		{C994E55F-BBA6-41FE-9114-EC7730D3ED5E}.Debug|Any CPU.ActiveCfg = Debug|Any CPU
		{C994E55F-BBA6-41FE-9114-EC7730D3ED5E}.Debug|Any CPU.Build.0 = Debug|Any CPU
		{C994E55F-BBA6-41FE-9114-EC7730D3ED5E}.Debug|Mixed Platforms.ActiveCfg = Debug|Any CPU
		{C994E55F-BBA6-41FE-9114-EC7730D3ED5E}.Debug|Mixed Platforms.Build.0 = Debug|Any CPU
		{C994E55F-BBA6-41FE-9114-EC7730D3ED5E}.Debug|Win32.ActiveCfg = Debug|Any CPU
		{C994E55F-BBA6-41FE-9114-EC7730D3ED5E}.Release|Any CPU.ActiveCfg = Release|Any CPU
		{C994E55F-BBA6-41FE-9114-EC7730D3ED5E}.Release|Any CPU.Build.0 = Release|Any CPU
		{C994E55F-BBA6-41FE-9114-EC7730D3ED5E}.Release|Mixed Platforms.ActiveCfg = Release|Any CPU
		{C994E55F-BBA6-41FE-9114-EC7730D3ED5E}.Release|Mixed Platforms.Build.0 = Release|Any CPU
		{C994E55F-BBA6-41FE-9114-EC7730D3ED5E}.Release|Win32.ActiveCfg = Release|Any CPU
		{5604C698-4E1C-4249-83E6-7EE333ECD6BF}.Debug|Any CPU.ActiveCfg = Debug|Any CPU
		{5604C698-4E1C-4249-83E6-7EE333ECD6BF}.Debug|Any CPU.Build.0 = Debug|Any CPU
		{5604C698-4E1C-4249-83E6-7EE333ECD6BF}.Debug|Mixed Platforms.ActiveCfg = Debug|Any CPU
		{5604C698-4E1C-4249-83E6-7EE333ECD6BF}.Debug|Mixed Platforms.Build.0 = Debug|Any CPU
		{5604C698-4E1C-4249-83E6-7EE333ECD6BF}.Debug|Win32.ActiveCfg = Debug|Any CPU
		{5604C698-4E1C-4249-83E6-7EE333ECD6BF}.Release|Any CPU.ActiveCfg = Release|Any CPU
		{5604C698-4E1C-4249-83E6-7EE333ECD6BF}.Release|Any CPU.Build.0 = Release|Any CPU
		{5604C698-4E1C-4249-83E6-7EE333ECD6BF}.Release|Mixed Platforms.ActiveCfg = Release|Any CPU
		{5604C698-4E1C-4249-83E6-7EE333ECD6BF}.Release|Mixed Platforms.Build.0 = Release|Any CPU
		{5604C698-4E1C-4249-83E6-7EE333ECD6BF}.Release|Win32.ActiveCfg = Release|Any CPU
		{A0B87531-3D05-4183-ACB3-44F2E3D4FFD2}.Debug|Any CPU.ActiveCfg = Debug|Any CPU
		{A0B87531-3D05-4183-ACB3-44F2E3D4FFD2}.Debug|Any CPU.Build.0 = Debug|Any CPU
		{A0B87531-3D05-4183-ACB3-44F2E3D4FFD2}.Debug|Mixed Platforms.ActiveCfg = Debug|Any CPU
		{A0B87531-3D05-4183-ACB3-44F2E3D4FFD2}.Debug|Mixed Platforms.Build.0 = Debug|Any CPU
		{A0B87531-3D05-4183-ACB3-44F2E3D4FFD2}.Debug|Win32.ActiveCfg = Debug|Any CPU
		{A0B87531-3D05-4183-ACB3-44F2E3D4FFD2}.Release|Any CPU.ActiveCfg = Release|Any CPU
		{A0B87531-3D05-4183-ACB3-44F2E3D4FFD2}.Release|Any CPU.Build.0 = Release|Any CPU
		{A0B87531-3D05-4183-ACB3-44F2E3D4FFD2}.Release|Mixed Platforms.ActiveCfg = Release|Any CPU
		{A0B87531-3D05-4183-ACB3-44F2E3D4FFD2}.Release|Mixed Platforms.Build.0 = Release|Any CPU
		{A0B87531-3D05-4183-ACB3-44F2E3D4FFD2}.Release|Win32.ActiveCfg = Release|Any CPU
		{18BA699E-EF2E-4BED-8F18-511C857CFC40}.Debug|Any CPU.ActiveCfg = Debug|Any CPU
		{18BA699E-EF2E-4BED-8F18-511C857CFC40}.Debug|Any CPU.Build.0 = Debug|Any CPU
		{18BA699E-EF2E-4BED-8F18-511C857CFC40}.Debug|Mixed Platforms.ActiveCfg = Debug|Any CPU
		{18BA699E-EF2E-4BED-8F18-511C857CFC40}.Debug|Mixed Platforms.Build.0 = Debug|Any CPU
		{18BA699E-EF2E-4BED-8F18-511C857CFC40}.Debug|Win32.ActiveCfg = Debug|Any CPU
		{18BA699E-EF2E-4BED-8F18-511C857CFC40}.Release|Any CPU.ActiveCfg = Release|Any CPU
		{18BA699E-EF2E-4BED-8F18-511C857CFC40}.Release|Any CPU.Build.0 = Release|Any CPU
		{18BA699E-EF2E-4BED-8F18-511C857CFC40}.Release|Mixed Platforms.ActiveCfg = Release|Any CPU
		{18BA699E-EF2E-4BED-8F18-511C857CFC40}.Release|Mixed Platforms.Build.0 = Release|Any CPU
		{18BA699E-EF2E-4BED-8F18-511C857CFC40}.Release|Win32.ActiveCfg = Release|Any CPU
		{A12B9854-CA62-47B6-B12B-FF6124A59593}.Debug|Any CPU.ActiveCfg = Debug|Any CPU
		{A12B9854-CA62-47B6-B12B-FF6124A59593}.Debug|Any CPU.Build.0 = Debug|Any CPU
		{A12B9854-CA62-47B6-B12B-FF6124A59593}.Debug|Mixed Platforms.ActiveCfg = Debug|Any CPU
		{A12B9854-CA62-47B6-B12B-FF6124A59593}.Debug|Mixed Platforms.Build.0 = Debug|Any CPU
		{A12B9854-CA62-47B6-B12B-FF6124A59593}.Debug|Win32.ActiveCfg = Debug|Any CPU
		{A12B9854-CA62-47B6-B12B-FF6124A59593}.Release|Any CPU.ActiveCfg = Release|Any CPU
		{A12B9854-CA62-47B6-B12B-FF6124A59593}.Release|Any CPU.Build.0 = Release|Any CPU
		{A12B9854-CA62-47B6-B12B-FF6124A59593}.Release|Mixed Platforms.ActiveCfg = Release|Any CPU
		{A12B9854-CA62-47B6-B12B-FF6124A59593}.Release|Mixed Platforms.Build.0 = Release|Any CPU
		{A12B9854-CA62-47B6-B12B-FF6124A59593}.Release|Win32.ActiveCfg = Release|Any CPU
		{3004C711-150C-4104-AC03-47B3B3E74A6C}.Debug|Any CPU.ActiveCfg = Debug|Any CPU
		{3004C711-150C-4104-AC03-47B3B3E74A6C}.Debug|Any CPU.Build.0 = Debug|Any CPU
		{3004C711-150C-4104-AC03-47B3B3E74A6C}.Debug|Mixed Platforms.ActiveCfg = Debug|Any CPU
		{3004C711-150C-4104-AC03-47B3B3E74A6C}.Debug|Mixed Platforms.Build.0 = Debug|Any CPU
		{3004C711-150C-4104-AC03-47B3B3E74A6C}.Debug|Win32.ActiveCfg = Debug|Any CPU
		{3004C711-150C-4104-AC03-47B3B3E74A6C}.Release|Any CPU.ActiveCfg = Release|Any CPU
		{3004C711-150C-4104-AC03-47B3B3E74A6C}.Release|Any CPU.Build.0 = Release|Any CPU
		{3004C711-150C-4104-AC03-47B3B3E74A6C}.Release|Mixed Platforms.ActiveCfg = Release|Any CPU
		{3004C711-150C-4104-AC03-47B3B3E74A6C}.Release|Mixed Platforms.Build.0 = Release|Any CPU
		{3004C711-150C-4104-AC03-47B3B3E74A6C}.Release|Win32.ActiveCfg = Release|Any CPU
	EndGlobalSection
	GlobalSection(SolutionProperties) = preSolution
		HideSolutionNode = FALSE
	EndGlobalSection
	GlobalSection(NestedProjects) = preSolution
		{EA6FC987-309F-4E60-8A29-319730B82622} = {36D8752C-AE42-4E0E-9972-BB237AEB4069}
		{962A7C25-83CD-407B-9346-CC64B1DABEE9} = {36D8752C-AE42-4E0E-9972-BB237AEB4069}
		{EDB9279F-D707-4C75-AE48-320F9196CC11} = {36D8752C-AE42-4E0E-9972-BB237AEB4069}
		{45B8B3EE-9767-48FC-A332-5AF7CBCE1C5C} = {36D8752C-AE42-4E0E-9972-BB237AEB4069}
		{088220BC-D629-4E1E-ADFF-F4933555C984} = {36D8752C-AE42-4E0E-9972-BB237AEB4069}
		{1B0F8BB5-B419-47BB-AA15-F0E1ADB638FC} = {36D8752C-AE42-4E0E-9972-BB237AEB4069}
		{A0B87531-3D05-4183-ACB3-44F2E3D4FFD2} = {36D8752C-AE42-4E0E-9972-BB237AEB4069}
		{18BA699E-EF2E-4BED-8F18-511C857CFC40} = {36D8752C-AE42-4E0E-9972-BB237AEB4069}
		{A12B9854-CA62-47B6-B12B-FF6124A59593} = {36D8752C-AE42-4E0E-9972-BB237AEB4069}
		{F6EDC433-EBEF-4650-8AD2-A7A8D1078407} = {B272676E-7046-4A0B-9AE0-1E7D24E20668}
		{3004C711-150C-4104-AC03-47B3B3E74A6C} = {B272676E-7046-4A0B-9AE0-1E7D24E20668}
		{90F8AB3F-8FC6-4C66-AA70-C8EBCA753993} = {EA6FC987-309F-4E60-8A29-319730B82622}
		{BF8A2B26-ADF1-4565-983F-DE961F9B5942} = {EA6FC987-309F-4E60-8A29-319730B82622}
		{C994E55F-BBA6-41FE-9114-EC7730D3ED5E} = {EA6FC987-309F-4E60-8A29-319730B82622}
		{7DB7E331-4847-44F6-A0B7-76FAB47ED684} = {F6EDC433-EBEF-4650-8AD2-A7A8D1078407}
		{5604C698-4E1C-4249-83E6-7EE333ECD6BF} = {F6EDC433-EBEF-4650-8AD2-A7A8D1078407}
		{00C3BC33-AFF3-477C-84FA-0136A902914E} = {1B0F8BB5-B419-47BB-AA15-F0E1ADB638FC}
	EndGlobalSection
EndGlobal
